
Microsoft Visual Studio Solution File, Format Version 12.00
# Visual Studio Version 17
VisualStudioVersion = 17.7.34221.43
MinimumVisualStudioVersion = 10.0.40219.1
Project("{9A19103F-16F7-4668-BE54-9A1E7A4F7556}") = "01_Intro_to_Windows_Forms", "01_Intro_to_Windows_Forms\01_Intro_to_Windows_Forms.csproj", "{7D360CEE-EBCA-4278-B7F0-F98A3B9D727A}"
EndProject
Project("{9A19103F-16F7-4668-BE54-9A1E7A4F7556}") = "02_Base_Controls_Buttons", "02_Base_Controls_Buttons\02_Base_Controls_Buttons.csproj", "{327CB165-6C58-4B69-A76A-8A702CBA9B3B}"
EndProject
Project("{9A19103F-16F7-4668-BE54-9A1E7A4F7556}") = "03_Range_Controls_Indicators", "03_Range_Controls_Indicators\03_Range_Controls_Indicators.csproj", "{239DFF3B-9998-422F-BA97-E1A200F36214}"
EndProject
Project("{9A19103F-16F7-4668-BE54-9A1E7A4F7556}") = "04_Controls_Lists", "04_Controls_Lists\04_Controls_Lists.csproj", "{D87A4320-11D5-40F0-8C7B-BE366B1FBABE}"
EndProject
Project("{9A19103F-16F7-4668-BE54-9A1E7A4F7556}") = "05_Additional_Forms", "05_Additional_Forms\05_Additional_Forms.csproj", "{71FD088E-36E0-4126-8351-261214C14938}"
EndProject
Project("{9A19103F-16F7-4668-BE54-9A1E7A4F7556}") = "06_RichTextBox_Dialogs", "06_RichTextBox_Dialogs\06_RichTextBox_Dialogs.csproj", "{23DB46A9-C73D-40C0-B918-7D87FCB9F458}"
EndProject
Global
	GlobalSection(SolutionConfigurationPlatforms) = preSolution
		Debug|Any CPU = Debug|Any CPU
		Release|Any CPU = Release|Any CPU
	EndGlobalSection
	GlobalSection(ProjectConfigurationPlatforms) = postSolution
		{7D360CEE-EBCA-4278-B7F0-F98A3B9D727A}.Debug|Any CPU.ActiveCfg = Debug|Any CPU
		{7D360CEE-EBCA-4278-B7F0-F98A3B9D727A}.Debug|Any CPU.Build.0 = Debug|Any CPU
		{7D360CEE-EBCA-4278-B7F0-F98A3B9D727A}.Release|Any CPU.ActiveCfg = Release|Any CPU
		{7D360CEE-EBCA-4278-B7F0-F98A3B9D727A}.Release|Any CPU.Build.0 = Release|Any CPU
		{327CB165-6C58-4B69-A76A-8A702CBA9B3B}.Debug|Any CPU.ActiveCfg = Debug|Any CPU
		{327CB165-6C58-4B69-A76A-8A702CBA9B3B}.Debug|Any CPU.Build.0 = Debug|Any CPU
		{327CB165-6C58-4B69-A76A-8A702CBA9B3B}.Release|Any CPU.ActiveCfg = Release|Any CPU
		{327CB165-6C58-4B69-A76A-8A702CBA9B3B}.Release|Any CPU.Build.0 = Release|Any CPU
		{239DFF3B-9998-422F-BA97-E1A200F36214}.Debug|Any CPU.ActiveCfg = Debug|Any CPU
		{239DFF3B-9998-422F-BA97-E1A200F36214}.Debug|Any CPU.Build.0 = Debug|Any CPU
		{239DFF3B-9998-422F-BA97-E1A200F36214}.Release|Any CPU.ActiveCfg = Release|Any CPU
		{239DFF3B-9998-422F-BA97-E1A200F36214}.Release|Any CPU.Build.0 = Release|Any CPU
		{D87A4320-11D5-40F0-8C7B-BE366B1FBABE}.Debug|Any CPU.ActiveCfg = Debug|Any CPU
		{D87A4320-11D5-40F0-8C7B-BE366B1FBABE}.Debug|Any CPU.Build.0 = Debug|Any CPU
		{D87A4320-11D5-40F0-8C7B-BE366B1FBABE}.Release|Any CPU.ActiveCfg = Release|Any CPU
		{D87A4320-11D5-40F0-8C7B-BE366B1FBABE}.Release|Any CPU.Build.0 = Release|Any CPU
		{71FD088E-36E0-4126-8351-261214C14938}.Debug|Any CPU.ActiveCfg = Debug|Any CPU
		{71FD088E-36E0-4126-8351-261214C14938}.Debug|Any CPU.Build.0 = Debug|Any CPU
		{71FD088E-36E0-4126-8351-261214C14938}.Release|Any CPU.ActiveCfg = Release|Any CPU
		{71FD088E-36E0-4126-8351-261214C14938}.Release|Any CPU.Build.0 = Release|Any CPU
		{23DB46A9-C73D-40C0-B918-7D87FCB9F458}.Debug|Any CPU.ActiveCfg = Debug|Any CPU
		{23DB46A9-C73D-40C0-B918-7D87FCB9F458}.Debug|Any CPU.Build.0 = Debug|Any CPU
		{23DB46A9-C73D-40C0-B918-7D87FCB9F458}.Release|Any CPU.ActiveCfg = Release|Any CPU
		{23DB46A9-C73D-40C0-B918-7D87FCB9F458}.Release|Any CPU.Build.0 = Release|Any CPU
	EndGlobalSection
	GlobalSection(SolutionProperties) = preSolution
		HideSolutionNode = FALSE
	EndGlobalSection
	GlobalSection(ExtensibilityGlobals) = postSolution
		SolutionGuid = {EBF188CC-FC1A-46AA-9735-4B7E404B9D71}
	EndGlobalSection
EndGlobal
